
Microsoft Visual Studio Solution File, Format Version 12.00
# Visual Studio 15
VisualStudioVersion = 15.0.26430.15
MinimumVisualStudioVersion = 10.0.40219.1
Project("{FAE04EC0-301F-11D3-BF4B-00C04F79EFBC}") = "PluginsTester.Core", "PluginsTester\PluginsTester.Core\PluginsTester.Core.csproj", "{E7A3E98B-13D0-4FC5-8831-32E49803214D}"
EndProject
Project("{FAE04EC0-301F-11D3-BF4B-00C04F79EFBC}") = "PluginsTester.iOS", "PluginsTester\PluginsTester.iOS\PluginsTester.iOS.csproj", "{8B2F80E7-24F4-4511-9773-CE3A8252DA9E}"
EndProject
Global
	GlobalSection(SolutionConfigurationPlatforms) = preSolution
		Ad-Hoc|Any CPU = Ad-Hoc|Any CPU
		Ad-Hoc|ARM = Ad-Hoc|ARM
		Ad-Hoc|iPhone = Ad-Hoc|iPhone
		Ad-Hoc|iPhoneSimulator = Ad-Hoc|iPhoneSimulator
		Ad-Hoc|x64 = Ad-Hoc|x64
		Ad-Hoc|x86 = Ad-Hoc|x86
		AppStore|Any CPU = AppStore|Any CPU
		AppStore|ARM = AppStore|ARM
		AppStore|iPhone = AppStore|iPhone
		AppStore|iPhoneSimulator = AppStore|iPhoneSimulator
		AppStore|x64 = AppStore|x64
		AppStore|x86 = AppStore|x86
		Debug (BRS)|Any CPU = Debug (BRS)|Any CPU
		Debug (BRS)|ARM = Debug (BRS)|ARM
		Debug (BRS)|iPhone = Debug (BRS)|iPhone
		Debug (BRS)|iPhoneSimulator = Debug (BRS)|iPhoneSimulator
		Debug (BRS)|x64 = Debug (BRS)|x64
		Debug (BRS)|x86 = Debug (BRS)|x86
		Debug|Any CPU = Debug|Any CPU
		Debug|ARM = Debug|ARM
		Debug|iPhone = Debug|iPhone
		Debug|iPhoneSimulator = Debug|iPhoneSimulator
		Debug|x64 = Debug|x64
		Debug|x86 = Debug|x86
		Debug-BRS|Any CPU = Debug-BRS|Any CPU
		Debug-BRS|ARM = Debug-BRS|ARM
		Debug-BRS|iPhone = Debug-BRS|iPhone
		Debug-BRS|iPhoneSimulator = Debug-BRS|iPhoneSimulator
		Debug-BRS|x64 = Debug-BRS|x64
		Debug-BRS|x86 = Debug-BRS|x86
		Debug-FRS|Any CPU = Debug-FRS|Any CPU
		Debug-FRS|ARM = Debug-FRS|ARM
		Debug-FRS|iPhone = Debug-FRS|iPhone
		Debug-FRS|iPhoneSimulator = Debug-FRS|iPhoneSimulator
		Debug-FRS|x64 = Debug-FRS|x64
		Debug-FRS|x86 = Debug-FRS|x86
		Debug-SRS|Any CPU = Debug-SRS|Any CPU
		Debug-SRS|ARM = Debug-SRS|ARM
		Debug-SRS|iPhone = Debug-SRS|iPhone
		Debug-SRS|iPhoneSimulator = Debug-SRS|iPhoneSimulator
		Debug-SRS|x64 = Debug-SRS|x64
		Debug-SRS|x86 = Debug-SRS|x86
		Debug-TRS|Any CPU = Debug-TRS|Any CPU
		Debug-TRS|ARM = Debug-TRS|ARM
		Debug-TRS|iPhone = Debug-TRS|iPhone
		Debug-TRS|iPhoneSimulator = Debug-TRS|iPhoneSimulator
		Debug-TRS|x64 = Debug-TRS|x64
		Debug-TRS|x86 = Debug-TRS|x86
		Debug-VRS|Any CPU = Debug-VRS|Any CPU
		Debug-VRS|ARM = Debug-VRS|ARM
		Debug-VRS|iPhone = Debug-VRS|iPhone
		Debug-VRS|iPhoneSimulator = Debug-VRS|iPhoneSimulator
		Debug-VRS|x64 = Debug-VRS|x64
		Debug-VRS|x86 = Debug-VRS|x86
		Debug-WRS|Any CPU = Debug-WRS|Any CPU
		Debug-WRS|ARM = Debug-WRS|ARM
		Debug-WRS|iPhone = Debug-WRS|iPhone
		Debug-WRS|iPhoneSimulator = Debug-WRS|iPhoneSimulator
		Debug-WRS|x64 = Debug-WRS|x64
		Debug-WRS|x86 = Debug-WRS|x86
		Release FRS|Any CPU = Release FRS|Any CPU
		Release FRS|ARM = Release FRS|ARM
		Release FRS|iPhone = Release FRS|iPhone
		Release FRS|iPhoneSimulator = Release FRS|iPhoneSimulator
		Release FRS|x64 = Release FRS|x64
		Release FRS|x86 = Release FRS|x86
		Release_BRS|Any CPU = Release_BRS|Any CPU
		Release_BRS|ARM = Release_BRS|ARM
		Release_BRS|iPhone = Release_BRS|iPhone
		Release_BRS|iPhoneSimulator = Release_BRS|iPhoneSimulator
		Release_BRS|x64 = Release_BRS|x64
		Release_BRS|x86 = Release_BRS|x86
		Release_FRS|Any CPU = Release_FRS|Any CPU
		Release_FRS|ARM = Release_FRS|ARM
		Release_FRS|iPhone = Release_FRS|iPhone
		Release_FRS|iPhoneSimulator = Release_FRS|iPhoneSimulator
		Release_FRS|x64 = Release_FRS|x64
		Release_FRS|x86 = Release_FRS|x86
		Release_SRS|Any CPU = Release_SRS|Any CPU
		Release_SRS|ARM = Release_SRS|ARM
		Release_SRS|iPhone = Release_SRS|iPhone
		Release_SRS|iPhoneSimulator = Release_SRS|iPhoneSimulator
		Release_SRS|x64 = Release_SRS|x64
		Release_SRS|x86 = Release_SRS|x86
		Release_TRS|Any CPU = Release_TRS|Any CPU
		Release_TRS|ARM = Release_TRS|ARM
		Release_TRS|iPhone = Release_TRS|iPhone
		Release_TRS|iPhoneSimulator = Release_TRS|iPhoneSimulator
		Release_TRS|x64 = Release_TRS|x64
		Release_TRS|x86 = Release_TRS|x86
		Release_VRS|Any CPU = Release_VRS|Any CPU
		Release_VRS|ARM = Release_VRS|ARM
		Release_VRS|iPhone = Release_VRS|iPhone
		Release_VRS|iPhoneSimulator = Release_VRS|iPhoneSimulator
		Release_VRS|x64 = Release_VRS|x64
		Release_VRS|x86 = Release_VRS|x86
		Release_WRS|Any CPU = Release_WRS|Any CPU
		Release_WRS|ARM = Release_WRS|ARM
		Release_WRS|iPhone = Release_WRS|iPhone
		Release_WRS|iPhoneSimulator = Release_WRS|iPhoneSimulator
		Release_WRS|x64 = Release_WRS|x64
		Release_WRS|x86 = Release_WRS|x86
		Release|Any CPU = Release|Any CPU
		Release|ARM = Release|ARM
		Release|iPhone = Release|iPhone
		Release|iPhoneSimulator = Release|iPhoneSimulator
		Release|x64 = Release|x64
		Release|x86 = Release|x86
		Release-BRS|Any CPU = Release-BRS|Any CPU
		Release-BRS|ARM = Release-BRS|ARM
		Release-BRS|iPhone = Release-BRS|iPhone
		Release-BRS|iPhoneSimulator = Release-BRS|iPhoneSimulator
		Release-BRS|x64 = Release-BRS|x64
		Release-BRS|x86 = Release-BRS|x86
	EndGlobalSection
	GlobalSection(ProjectConfigurationPlatforms) = postSolution
		{E7A3E98B-13D0-4FC5-8831-32E49803214D}.Ad-Hoc|Any CPU.ActiveCfg = Release|Any CPU
		{E7A3E98B-13D0-4FC5-8831-32E49803214D}.Ad-Hoc|Any CPU.Build.0 = Release|Any CPU
		{E7A3E98B-13D0-4FC5-8831-32E49803214D}.Ad-Hoc|ARM.ActiveCfg = Release|Any CPU
		{E7A3E98B-13D0-4FC5-8831-32E49803214D}.Ad-Hoc|ARM.Build.0 = Release|Any CPU
		{E7A3E98B-13D0-4FC5-8831-32E49803214D}.Ad-Hoc|iPhone.ActiveCfg = Release|Any CPU
		{E7A3E98B-13D0-4FC5-8831-32E49803214D}.Ad-Hoc|iPhone.Build.0 = Release|Any CPU
		{E7A3E98B-13D0-4FC5-8831-32E49803214D}.Ad-Hoc|iPhoneSimulator.ActiveCfg = Release|Any CPU
		{E7A3E98B-13D0-4FC5-8831-32E49803214D}.Ad-Hoc|iPhoneSimulator.Build.0 = Release|Any CPU
		{E7A3E98B-13D0-4FC5-8831-32E49803214D}.Ad-Hoc|x64.ActiveCfg = Release|Any CPU
		{E7A3E98B-13D0-4FC5-8831-32E49803214D}.Ad-Hoc|x64.Build.0 = Release|Any CPU
		{E7A3E98B-13D0-4FC5-8831-32E49803214D}.Ad-Hoc|x86.ActiveCfg = Release|Any CPU
		{E7A3E98B-13D0-4FC5-8831-32E49803214D}.Ad-Hoc|x86.Build.0 = Release|Any CPU
		{E7A3E98B-13D0-4FC5-8831-32E49803214D}.AppStore|Any CPU.ActiveCfg = Release|Any CPU
		{E7A3E98B-13D0-4FC5-8831-32E49803214D}.AppStore|Any CPU.Build.0 = Release|Any CPU
		{E7A3E98B-13D0-4FC5-8831-32E49803214D}.AppStore|ARM.ActiveCfg = Release|Any CPU
		{E7A3E98B-13D0-4FC5-8831-32E49803214D}.AppStore|ARM.Build.0 = Release|Any CPU
		{E7A3E98B-13D0-4FC5-8831-32E49803214D}.AppStore|iPhone.ActiveCfg = Release|Any CPU
		{E7A3E98B-13D0-4FC5-8831-32E49803214D}.AppStore|iPhone.Build.0 = Release|Any CPU
		{E7A3E98B-13D0-4FC5-8831-32E49803214D}.AppStore|iPhoneSimulator.ActiveCfg = Release|Any CPU
		{E7A3E98B-13D0-4FC5-8831-32E49803214D}.AppStore|iPhoneSimulator.Build.0 = Release|Any CPU
		{E7A3E98B-13D0-4FC5-8831-32E49803214D}.AppStore|x64.ActiveCfg = Release|Any CPU
		{E7A3E98B-13D0-4FC5-8831-32E49803214D}.AppStore|x64.Build.0 = Release|Any CPU
		{E7A3E98B-13D0-4FC5-8831-32E49803214D}.AppStore|x86.ActiveCfg = Release|Any CPU
		{E7A3E98B-13D0-4FC5-8831-32E49803214D}.AppStore|x86.Build.0 = Release|Any CPU
		{E7A3E98B-13D0-4FC5-8831-32E49803214D}.Debug (BRS)|Any CPU.ActiveCfg = Debug|Any CPU
		{E7A3E98B-13D0-4FC5-8831-32E49803214D}.Debug (BRS)|Any CPU.Build.0 = Debug|Any CPU
		{E7A3E98B-13D0-4FC5-8831-32E49803214D}.Debug (BRS)|ARM.ActiveCfg = Debug|Any CPU
		{E7A3E98B-13D0-4FC5-8831-32E49803214D}.Debug (BRS)|ARM.Build.0 = Debug|Any CPU
		{E7A3E98B-13D0-4FC5-8831-32E49803214D}.Debug (BRS)|iPhone.ActiveCfg = Debug|Any CPU
		{E7A3E98B-13D0-4FC5-8831-32E49803214D}.Debug (BRS)|iPhone.Build.0 = Debug|Any CPU
		{E7A3E98B-13D0-4FC5-8831-32E49803214D}.Debug (BRS)|iPhoneSimulator.ActiveCfg = Debug|Any CPU
		{E7A3E98B-13D0-4FC5-8831-32E49803214D}.Debug (BRS)|iPhoneSimulator.Build.0 = Debug|Any CPU
		{E7A3E98B-13D0-4FC5-8831-32E49803214D}.Debug (BRS)|x64.ActiveCfg = Debug|Any CPU
		{E7A3E98B-13D0-4FC5-8831-32E49803214D}.Debug (BRS)|x64.Build.0 = Debug|Any CPU
		{E7A3E98B-13D0-4FC5-8831-32E49803214D}.Debug (BRS)|x86.ActiveCfg = Debug|Any CPU
		{E7A3E98B-13D0-4FC5-8831-32E49803214D}.Debug (BRS)|x86.Build.0 = Debug|Any CPU
		{E7A3E98B-13D0-4FC5-8831-32E49803214D}.Debug|Any CPU.ActiveCfg = Debug|Any CPU
		{E7A3E98B-13D0-4FC5-8831-32E49803214D}.Debug|Any CPU.Build.0 = Debug|Any CPU
		{E7A3E98B-13D0-4FC5-8831-32E49803214D}.Debug|ARM.ActiveCfg = Debug|Any CPU
		{E7A3E98B-13D0-4FC5-8831-32E49803214D}.Debug|ARM.Build.0 = Debug|Any CPU
		{E7A3E98B-13D0-4FC5-8831-32E49803214D}.Debug|iPhone.ActiveCfg = Debug|Any CPU
		{E7A3E98B-13D0-4FC5-8831-32E49803214D}.Debug|iPhone.Build.0 = Debug|Any CPU
		{E7A3E98B-13D0-4FC5-8831-32E49803214D}.Debug|iPhoneSimulator.ActiveCfg = Debug|Any CPU
		{E7A3E98B-13D0-4FC5-8831-32E49803214D}.Debug|iPhoneSimulator.Build.0 = Debug|Any CPU
		{E7A3E98B-13D0-4FC5-8831-32E49803214D}.Debug|x64.ActiveCfg = Debug|Any CPU
		{E7A3E98B-13D0-4FC5-8831-32E49803214D}.Debug|x64.Build.0 = Debug|Any CPU
		{E7A3E98B-13D0-4FC5-8831-32E49803214D}.Debug|x86.ActiveCfg = Debug|Any CPU
		{E7A3E98B-13D0-4FC5-8831-32E49803214D}.Debug|x86.Build.0 = Debug|Any CPU
		{E7A3E98B-13D0-4FC5-8831-32E49803214D}.Debug-BRS|Any CPU.ActiveCfg = Debug|Any CPU
		{E7A3E98B-13D0-4FC5-8831-32E49803214D}.Debug-BRS|Any CPU.Build.0 = Debug|Any CPU
		{E7A3E98B-13D0-4FC5-8831-32E49803214D}.Debug-BRS|ARM.ActiveCfg = Debug|Any CPU
		{E7A3E98B-13D0-4FC5-8831-32E49803214D}.Debug-BRS|ARM.Build.0 = Debug|Any CPU
		{E7A3E98B-13D0-4FC5-8831-32E49803214D}.Debug-BRS|iPhone.ActiveCfg = Debug|Any CPU
		{E7A3E98B-13D0-4FC5-8831-32E49803214D}.Debug-BRS|iPhone.Build.0 = Debug|Any CPU
		{E7A3E98B-13D0-4FC5-8831-32E49803214D}.Debug-BRS|iPhoneSimulator.ActiveCfg = Debug|Any CPU
		{E7A3E98B-13D0-4FC5-8831-32E49803214D}.Debug-BRS|iPhoneSimulator.Build.0 = Debug|Any CPU
		{E7A3E98B-13D0-4FC5-8831-32E49803214D}.Debug-BRS|x64.ActiveCfg = Debug|Any CPU
		{E7A3E98B-13D0-4FC5-8831-32E49803214D}.Debug-BRS|x64.Build.0 = Debug|Any CPU
		{E7A3E98B-13D0-4FC5-8831-32E49803214D}.Debug-BRS|x86.ActiveCfg = Debug|Any CPU
		{E7A3E98B-13D0-4FC5-8831-32E49803214D}.Debug-BRS|x86.Build.0 = Debug|Any CPU
		{E7A3E98B-13D0-4FC5-8831-32E49803214D}.Debug-FRS|Any CPU.ActiveCfg = Debug|Any CPU
		{E7A3E98B-13D0-4FC5-8831-32E49803214D}.Debug-FRS|Any CPU.Build.0 = Debug|Any CPU
		{E7A3E98B-13D0-4FC5-8831-32E49803214D}.Debug-FRS|ARM.ActiveCfg = Debug|Any CPU
		{E7A3E98B-13D0-4FC5-8831-32E49803214D}.Debug-FRS|ARM.Build.0 = Debug|Any CPU
		{E7A3E98B-13D0-4FC5-8831-32E49803214D}.Debug-FRS|iPhone.ActiveCfg = Debug|Any CPU
		{E7A3E98B-13D0-4FC5-8831-32E49803214D}.Debug-FRS|iPhone.Build.0 = Debug|Any CPU
		{E7A3E98B-13D0-4FC5-8831-32E49803214D}.Debug-FRS|iPhoneSimulator.ActiveCfg = Debug|Any CPU
		{E7A3E98B-13D0-4FC5-8831-32E49803214D}.Debug-FRS|iPhoneSimulator.Build.0 = Debug|Any CPU
		{E7A3E98B-13D0-4FC5-8831-32E49803214D}.Debug-FRS|x64.ActiveCfg = Debug|Any CPU
		{E7A3E98B-13D0-4FC5-8831-32E49803214D}.Debug-FRS|x64.Build.0 = Debug|Any CPU
		{E7A3E98B-13D0-4FC5-8831-32E49803214D}.Debug-FRS|x86.ActiveCfg = Debug|Any CPU
		{E7A3E98B-13D0-4FC5-8831-32E49803214D}.Debug-FRS|x86.Build.0 = Debug|Any CPU
		{E7A3E98B-13D0-4FC5-8831-32E49803214D}.Debug-SRS|Any CPU.ActiveCfg = Debug|Any CPU
		{E7A3E98B-13D0-4FC5-8831-32E49803214D}.Debug-SRS|Any CPU.Build.0 = Debug|Any CPU
		{E7A3E98B-13D0-4FC5-8831-32E49803214D}.Debug-SRS|ARM.ActiveCfg = Debug|Any CPU
		{E7A3E98B-13D0-4FC5-8831-32E49803214D}.Debug-SRS|ARM.Build.0 = Debug|Any CPU
		{E7A3E98B-13D0-4FC5-8831-32E49803214D}.Debug-SRS|iPhone.ActiveCfg = Debug|Any CPU
		{E7A3E98B-13D0-4FC5-8831-32E49803214D}.Debug-SRS|iPhone.Build.0 = Debug|Any CPU
		{E7A3E98B-13D0-4FC5-8831-32E49803214D}.Debug-SRS|iPhoneSimulator.ActiveCfg = Debug|Any CPU
		{E7A3E98B-13D0-4FC5-8831-32E49803214D}.Debug-SRS|iPhoneSimulator.Build.0 = Debug|Any CPU
		{E7A3E98B-13D0-4FC5-8831-32E49803214D}.Debug-SRS|x64.ActiveCfg = Debug|Any CPU
		{E7A3E98B-13D0-4FC5-8831-32E49803214D}.Debug-SRS|x64.Build.0 = Debug|Any CPU
		{E7A3E98B-13D0-4FC5-8831-32E49803214D}.Debug-SRS|x86.ActiveCfg = Debug|Any CPU
		{E7A3E98B-13D0-4FC5-8831-32E49803214D}.Debug-SRS|x86.Build.0 = Debug|Any CPU
		{E7A3E98B-13D0-4FC5-8831-32E49803214D}.Debug-TRS|Any CPU.ActiveCfg = Debug|Any CPU
		{E7A3E98B-13D0-4FC5-8831-32E49803214D}.Debug-TRS|Any CPU.Build.0 = Debug|Any CPU
		{E7A3E98B-13D0-4FC5-8831-32E49803214D}.Debug-TRS|ARM.ActiveCfg = Debug|Any CPU
		{E7A3E98B-13D0-4FC5-8831-32E49803214D}.Debug-TRS|ARM.Build.0 = Debug|Any CPU
		{E7A3E98B-13D0-4FC5-8831-32E49803214D}.Debug-TRS|iPhone.ActiveCfg = Debug|Any CPU
		{E7A3E98B-13D0-4FC5-8831-32E49803214D}.Debug-TRS|iPhone.Build.0 = Debug|Any CPU
		{E7A3E98B-13D0-4FC5-8831-32E49803214D}.Debug-TRS|iPhoneSimulator.ActiveCfg = Debug|Any CPU
		{E7A3E98B-13D0-4FC5-8831-32E49803214D}.Debug-TRS|iPhoneSimulator.Build.0 = Debug|Any CPU
		{E7A3E98B-13D0-4FC5-8831-32E49803214D}.Debug-TRS|x64.ActiveCfg = Debug|Any CPU
		{E7A3E98B-13D0-4FC5-8831-32E49803214D}.Debug-TRS|x64.Build.0 = Debug|Any CPU
		{E7A3E98B-13D0-4FC5-8831-32E49803214D}.Debug-TRS|x86.ActiveCfg = Debug|Any CPU
		{E7A3E98B-13D0-4FC5-8831-32E49803214D}.Debug-TRS|x86.Build.0 = Debug|Any CPU
		{E7A3E98B-13D0-4FC5-8831-32E49803214D}.Debug-VRS|Any CPU.ActiveCfg = Debug|Any CPU
		{E7A3E98B-13D0-4FC5-8831-32E49803214D}.Debug-VRS|Any CPU.Build.0 = Debug|Any CPU
		{E7A3E98B-13D0-4FC5-8831-32E49803214D}.Debug-VRS|ARM.ActiveCfg = Debug|Any CPU
		{E7A3E98B-13D0-4FC5-8831-32E49803214D}.Debug-VRS|ARM.Build.0 = Debug|Any CPU
		{E7A3E98B-13D0-4FC5-8831-32E49803214D}.Debug-VRS|iPhone.ActiveCfg = Debug|Any CPU
		{E7A3E98B-13D0-4FC5-8831-32E49803214D}.Debug-VRS|iPhone.Build.0 = Debug|Any CPU
		{E7A3E98B-13D0-4FC5-8831-32E49803214D}.Debug-VRS|iPhoneSimulator.ActiveCfg = Debug|Any CPU
		{E7A3E98B-13D0-4FC5-8831-32E49803214D}.Debug-VRS|iPhoneSimulator.Build.0 = Debug|Any CPU
		{E7A3E98B-13D0-4FC5-8831-32E49803214D}.Debug-VRS|x64.ActiveCfg = Debug|Any CPU
		{E7A3E98B-13D0-4FC5-8831-32E49803214D}.Debug-VRS|x64.Build.0 = Debug|Any CPU
		{E7A3E98B-13D0-4FC5-8831-32E49803214D}.Debug-VRS|x86.ActiveCfg = Debug|Any CPU
		{E7A3E98B-13D0-4FC5-8831-32E49803214D}.Debug-VRS|x86.Build.0 = Debug|Any CPU
		{E7A3E98B-13D0-4FC5-8831-32E49803214D}.Debug-WRS|Any CPU.ActiveCfg = Debug|Any CPU
		{E7A3E98B-13D0-4FC5-8831-32E49803214D}.Debug-WRS|Any CPU.Build.0 = Debug|Any CPU
		{E7A3E98B-13D0-4FC5-8831-32E49803214D}.Debug-WRS|ARM.ActiveCfg = Debug|Any CPU
		{E7A3E98B-13D0-4FC5-8831-32E49803214D}.Debug-WRS|ARM.Build.0 = Debug|Any CPU
		{E7A3E98B-13D0-4FC5-8831-32E49803214D}.Debug-WRS|iPhone.ActiveCfg = Debug|Any CPU
		{E7A3E98B-13D0-4FC5-8831-32E49803214D}.Debug-WRS|iPhone.Build.0 = Debug|Any CPU
		{E7A3E98B-13D0-4FC5-8831-32E49803214D}.Debug-WRS|iPhoneSimulator.ActiveCfg = Debug|Any CPU
		{E7A3E98B-13D0-4FC5-8831-32E49803214D}.Debug-WRS|iPhoneSimulator.Build.0 = Debug|Any CPU
		{E7A3E98B-13D0-4FC5-8831-32E49803214D}.Debug-WRS|x64.ActiveCfg = Debug|Any CPU
		{E7A3E98B-13D0-4FC5-8831-32E49803214D}.Debug-WRS|x64.Build.0 = Debug|Any CPU
		{E7A3E98B-13D0-4FC5-8831-32E49803214D}.Debug-WRS|x86.ActiveCfg = Debug|Any CPU
		{E7A3E98B-13D0-4FC5-8831-32E49803214D}.Debug-WRS|x86.Build.0 = Debug|Any CPU
		{E7A3E98B-13D0-4FC5-8831-32E49803214D}.Release FRS|Any CPU.ActiveCfg = Release|Any CPU
		{E7A3E98B-13D0-4FC5-8831-32E49803214D}.Release FRS|Any CPU.Build.0 = Release|Any CPU
		{E7A3E98B-13D0-4FC5-8831-32E49803214D}.Release FRS|ARM.ActiveCfg = Release|Any CPU
		{E7A3E98B-13D0-4FC5-8831-32E49803214D}.Release FRS|ARM.Build.0 = Release|Any CPU
		{E7A3E98B-13D0-4FC5-8831-32E49803214D}.Release FRS|iPhone.ActiveCfg = Release|Any CPU
		{E7A3E98B-13D0-4FC5-8831-32E49803214D}.Release FRS|iPhone.Build.0 = Release|Any CPU
		{E7A3E98B-13D0-4FC5-8831-32E49803214D}.Release FRS|iPhoneSimulator.ActiveCfg = Release|Any CPU
		{E7A3E98B-13D0-4FC5-8831-32E49803214D}.Release FRS|iPhoneSimulator.Build.0 = Release|Any CPU
		{E7A3E98B-13D0-4FC5-8831-32E49803214D}.Release FRS|x64.ActiveCfg = Release|Any CPU
		{E7A3E98B-13D0-4FC5-8831-32E49803214D}.Release FRS|x64.Build.0 = Release|Any CPU
		{E7A3E98B-13D0-4FC5-8831-32E49803214D}.Release FRS|x86.ActiveCfg = Release|Any CPU
		{E7A3E98B-13D0-4FC5-8831-32E49803214D}.Release FRS|x86.Build.0 = Release|Any CPU
		{E7A3E98B-13D0-4FC5-8831-32E49803214D}.Release_BRS|Any CPU.ActiveCfg = Release|Any CPU
		{E7A3E98B-13D0-4FC5-8831-32E49803214D}.Release_BRS|Any CPU.Build.0 = Release|Any CPU
		{E7A3E98B-13D0-4FC5-8831-32E49803214D}.Release_BRS|ARM.ActiveCfg = Release|Any CPU
		{E7A3E98B-13D0-4FC5-8831-32E49803214D}.Release_BRS|ARM.Build.0 = Release|Any CPU
		{E7A3E98B-13D0-4FC5-8831-32E49803214D}.Release_BRS|iPhone.ActiveCfg = Release|Any CPU
		{E7A3E98B-13D0-4FC5-8831-32E49803214D}.Release_BRS|iPhone.Build.0 = Release|Any CPU
		{E7A3E98B-13D0-4FC5-8831-32E49803214D}.Release_BRS|iPhoneSimulator.ActiveCfg = Release|Any CPU
		{E7A3E98B-13D0-4FC5-8831-32E49803214D}.Release_BRS|iPhoneSimulator.Build.0 = Release|Any CPU
		{E7A3E98B-13D0-4FC5-8831-32E49803214D}.Release_BRS|x64.ActiveCfg = Release|Any CPU
		{E7A3E98B-13D0-4FC5-8831-32E49803214D}.Release_BRS|x64.Build.0 = Release|Any CPU
		{E7A3E98B-13D0-4FC5-8831-32E49803214D}.Release_BRS|x86.ActiveCfg = Release|Any CPU
		{E7A3E98B-13D0-4FC5-8831-32E49803214D}.Release_BRS|x86.Build.0 = Release|Any CPU
		{E7A3E98B-13D0-4FC5-8831-32E49803214D}.Release_FRS|Any CPU.ActiveCfg = Release|Any CPU
		{E7A3E98B-13D0-4FC5-8831-32E49803214D}.Release_FRS|Any CPU.Build.0 = Release|Any CPU
		{E7A3E98B-13D0-4FC5-8831-32E49803214D}.Release_FRS|ARM.ActiveCfg = Release|Any CPU
		{E7A3E98B-13D0-4FC5-8831-32E49803214D}.Release_FRS|ARM.Build.0 = Release|Any CPU
		{E7A3E98B-13D0-4FC5-8831-32E49803214D}.Release_FRS|iPhone.ActiveCfg = Release|Any CPU
		{E7A3E98B-13D0-4FC5-8831-32E49803214D}.Release_FRS|iPhone.Build.0 = Release|Any CPU
		{E7A3E98B-13D0-4FC5-8831-32E49803214D}.Release_FRS|iPhoneSimulator.ActiveCfg = Release|Any CPU
		{E7A3E98B-13D0-4FC5-8831-32E49803214D}.Release_FRS|iPhoneSimulator.Build.0 = Release|Any CPU
		{E7A3E98B-13D0-4FC5-8831-32E49803214D}.Release_FRS|x64.ActiveCfg = Release|Any CPU
		{E7A3E98B-13D0-4FC5-8831-32E49803214D}.Release_FRS|x64.Build.0 = Release|Any CPU
		{E7A3E98B-13D0-4FC5-8831-32E49803214D}.Release_FRS|x86.ActiveCfg = Release|Any CPU
		{E7A3E98B-13D0-4FC5-8831-32E49803214D}.Release_FRS|x86.Build.0 = Release|Any CPU
		{E7A3E98B-13D0-4FC5-8831-32E49803214D}.Release_SRS|Any CPU.ActiveCfg = Release|Any CPU
		{E7A3E98B-13D0-4FC5-8831-32E49803214D}.Release_SRS|Any CPU.Build.0 = Release|Any CPU
		{E7A3E98B-13D0-4FC5-8831-32E49803214D}.Release_SRS|ARM.ActiveCfg = Release|Any CPU
		{E7A3E98B-13D0-4FC5-8831-32E49803214D}.Release_SRS|ARM.Build.0 = Release|Any CPU
		{E7A3E98B-13D0-4FC5-8831-32E49803214D}.Release_SRS|iPhone.ActiveCfg = Release|Any CPU
		{E7A3E98B-13D0-4FC5-8831-32E49803214D}.Release_SRS|iPhone.Build.0 = Release|Any CPU
		{E7A3E98B-13D0-4FC5-8831-32E49803214D}.Release_SRS|iPhoneSimulator.ActiveCfg = Release|Any CPU
		{E7A3E98B-13D0-4FC5-8831-32E49803214D}.Release_SRS|iPhoneSimulator.Build.0 = Release|Any CPU
		{E7A3E98B-13D0-4FC5-8831-32E49803214D}.Release_SRS|x64.ActiveCfg = Release|Any CPU
		{E7A3E98B-13D0-4FC5-8831-32E49803214D}.Release_SRS|x64.Build.0 = Release|Any CPU
		{E7A3E98B-13D0-4FC5-8831-32E49803214D}.Release_SRS|x86.ActiveCfg = Release|Any CPU
		{E7A3E98B-13D0-4FC5-8831-32E49803214D}.Release_SRS|x86.Build.0 = Release|Any CPU
		{E7A3E98B-13D0-4FC5-8831-32E49803214D}.Release_TRS|Any CPU.ActiveCfg = Release|Any CPU
		{E7A3E98B-13D0-4FC5-8831-32E49803214D}.Release_TRS|Any CPU.Build.0 = Release|Any CPU
		{E7A3E98B-13D0-4FC5-8831-32E49803214D}.Release_TRS|ARM.ActiveCfg = Release|Any CPU
		{E7A3E98B-13D0-4FC5-8831-32E49803214D}.Release_TRS|ARM.Build.0 = Release|Any CPU
		{E7A3E98B-13D0-4FC5-8831-32E49803214D}.Release_TRS|iPhone.ActiveCfg = Release|Any CPU
		{E7A3E98B-13D0-4FC5-8831-32E49803214D}.Release_TRS|iPhone.Build.0 = Release|Any CPU
		{E7A3E98B-13D0-4FC5-8831-32E49803214D}.Release_TRS|iPhoneSimulator.ActiveCfg = Release|Any CPU
		{E7A3E98B-13D0-4FC5-8831-32E49803214D}.Release_TRS|iPhoneSimulator.Build.0 = Release|Any CPU
		{E7A3E98B-13D0-4FC5-8831-32E49803214D}.Release_TRS|x64.ActiveCfg = Release|Any CPU
		{E7A3E98B-13D0-4FC5-8831-32E49803214D}.Release_TRS|x64.Build.0 = Release|Any CPU
		{E7A3E98B-13D0-4FC5-8831-32E49803214D}.Release_TRS|x86.ActiveCfg = Release|Any CPU
		{E7A3E98B-13D0-4FC5-8831-32E49803214D}.Release_TRS|x86.Build.0 = Release|Any CPU
		{E7A3E98B-13D0-4FC5-8831-32E49803214D}.Release_VRS|Any CPU.ActiveCfg = Release|Any CPU
		{E7A3E98B-13D0-4FC5-8831-32E49803214D}.Release_VRS|Any CPU.Build.0 = Release|Any CPU
		{E7A3E98B-13D0-4FC5-8831-32E49803214D}.Release_VRS|ARM.ActiveCfg = Release|Any CPU
		{E7A3E98B-13D0-4FC5-8831-32E49803214D}.Release_VRS|ARM.Build.0 = Release|Any CPU
		{E7A3E98B-13D0-4FC5-8831-32E49803214D}.Release_VRS|iPhone.ActiveCfg = Release|Any CPU
		{E7A3E98B-13D0-4FC5-8831-32E49803214D}.Release_VRS|iPhone.Build.0 = Release|Any CPU
		{E7A3E98B-13D0-4FC5-8831-32E49803214D}.Release_VRS|iPhoneSimulator.ActiveCfg = Release|Any CPU
		{E7A3E98B-13D0-4FC5-8831-32E49803214D}.Release_VRS|iPhoneSimulator.Build.0 = Release|Any CPU
		{E7A3E98B-13D0-4FC5-8831-32E49803214D}.Release_VRS|x64.ActiveCfg = Release|Any CPU
		{E7A3E98B-13D0-4FC5-8831-32E49803214D}.Release_VRS|x64.Build.0 = Release|Any CPU
		{E7A3E98B-13D0-4FC5-8831-32E49803214D}.Release_VRS|x86.ActiveCfg = Release|Any CPU
		{E7A3E98B-13D0-4FC5-8831-32E49803214D}.Release_VRS|x86.Build.0 = Release|Any CPU
		{E7A3E98B-13D0-4FC5-8831-32E49803214D}.Release_WRS|Any CPU.ActiveCfg = Release|Any CPU
		{E7A3E98B-13D0-4FC5-8831-32E49803214D}.Release_WRS|Any CPU.Build.0 = Release|Any CPU
		{E7A3E98B-13D0-4FC5-8831-32E49803214D}.Release_WRS|ARM.ActiveCfg = Release|Any CPU
		{E7A3E98B-13D0-4FC5-8831-32E49803214D}.Release_WRS|ARM.Build.0 = Release|Any CPU
		{E7A3E98B-13D0-4FC5-8831-32E49803214D}.Release_WRS|iPhone.ActiveCfg = Release|Any CPU
		{E7A3E98B-13D0-4FC5-8831-32E49803214D}.Release_WRS|iPhone.Build.0 = Release|Any CPU
		{E7A3E98B-13D0-4FC5-8831-32E49803214D}.Release_WRS|iPhoneSimulator.ActiveCfg = Release|Any CPU
		{E7A3E98B-13D0-4FC5-8831-32E49803214D}.Release_WRS|iPhoneSimulator.Build.0 = Release|Any CPU
		{E7A3E98B-13D0-4FC5-8831-32E49803214D}.Release_WRS|x64.ActiveCfg = Release|Any CPU
		{E7A3E98B-13D0-4FC5-8831-32E49803214D}.Release_WRS|x64.Build.0 = Release|Any CPU
		{E7A3E98B-13D0-4FC5-8831-32E49803214D}.Release_WRS|x86.ActiveCfg = Release|Any CPU
		{E7A3E98B-13D0-4FC5-8831-32E49803214D}.Release_WRS|x86.Build.0 = Release|Any CPU
		{E7A3E98B-13D0-4FC5-8831-32E49803214D}.Release|Any CPU.ActiveCfg = Release|Any CPU
		{E7A3E98B-13D0-4FC5-8831-32E49803214D}.Release|Any CPU.Build.0 = Release|Any CPU
		{E7A3E98B-13D0-4FC5-8831-32E49803214D}.Release|ARM.ActiveCfg = Release|Any CPU
		{E7A3E98B-13D0-4FC5-8831-32E49803214D}.Release|ARM.Build.0 = Release|Any CPU
		{E7A3E98B-13D0-4FC5-8831-32E49803214D}.Release|iPhone.ActiveCfg = Release|Any CPU
		{E7A3E98B-13D0-4FC5-8831-32E49803214D}.Release|iPhone.Build.0 = Release|Any CPU
		{E7A3E98B-13D0-4FC5-8831-32E49803214D}.Release|iPhoneSimulator.ActiveCfg = Release|Any CPU
		{E7A3E98B-13D0-4FC5-8831-32E49803214D}.Release|iPhoneSimulator.Build.0 = Release|Any CPU
		{E7A3E98B-13D0-4FC5-8831-32E49803214D}.Release|x64.ActiveCfg = Release|Any CPU
		{E7A3E98B-13D0-4FC5-8831-32E49803214D}.Release|x64.Build.0 = Release|Any CPU
		{E7A3E98B-13D0-4FC5-8831-32E49803214D}.Release|x86.ActiveCfg = Release|Any CPU
		{E7A3E98B-13D0-4FC5-8831-32E49803214D}.Release|x86.Build.0 = Release|Any CPU
		{E7A3E98B-13D0-4FC5-8831-32E49803214D}.Release-BRS|Any CPU.ActiveCfg = Release|Any CPU
		{E7A3E98B-13D0-4FC5-8831-32E49803214D}.Release-BRS|Any CPU.Build.0 = Release|Any CPU
		{E7A3E98B-13D0-4FC5-8831-32E49803214D}.Release-BRS|ARM.ActiveCfg = Release|Any CPU
		{E7A3E98B-13D0-4FC5-8831-32E49803214D}.Release-BRS|ARM.Build.0 = Release|Any CPU
		{E7A3E98B-13D0-4FC5-8831-32E49803214D}.Release-BRS|iPhone.ActiveCfg = Release|Any CPU
		{E7A3E98B-13D0-4FC5-8831-32E49803214D}.Release-BRS|iPhone.Build.0 = Release|Any CPU
		{E7A3E98B-13D0-4FC5-8831-32E49803214D}.Release-BRS|iPhoneSimulator.ActiveCfg = Release|Any CPU
		{E7A3E98B-13D0-4FC5-8831-32E49803214D}.Release-BRS|iPhoneSimulator.Build.0 = Release|Any CPU
		{E7A3E98B-13D0-4FC5-8831-32E49803214D}.Release-BRS|x64.ActiveCfg = Release|Any CPU
		{E7A3E98B-13D0-4FC5-8831-32E49803214D}.Release-BRS|x64.Build.0 = Release|Any CPU
		{E7A3E98B-13D0-4FC5-8831-32E49803214D}.Release-BRS|x86.ActiveCfg = Release|Any CPU
		{E7A3E98B-13D0-4FC5-8831-32E49803214D}.Release-BRS|x86.Build.0 = Release|Any CPU
		{8B2F80E7-24F4-4511-9773-CE3A8252DA9E}.Ad-Hoc|Any CPU.ActiveCfg = Ad-Hoc|iPhone
		{8B2F80E7-24F4-4511-9773-CE3A8252DA9E}.Ad-Hoc|ARM.ActiveCfg = Ad-Hoc|iPhone
		{8B2F80E7-24F4-4511-9773-CE3A8252DA9E}.Ad-Hoc|iPhone.ActiveCfg = Ad-Hoc|iPhone
		{8B2F80E7-24F4-4511-9773-CE3A8252DA9E}.Ad-Hoc|iPhone.Build.0 = Ad-Hoc|iPhone
		{8B2F80E7-24F4-4511-9773-CE3A8252DA9E}.Ad-Hoc|iPhoneSimulator.ActiveCfg = Ad-Hoc|iPhoneSimulator
		{8B2F80E7-24F4-4511-9773-CE3A8252DA9E}.Ad-Hoc|iPhoneSimulator.Build.0 = Ad-Hoc|iPhoneSimulator
		{8B2F80E7-24F4-4511-9773-CE3A8252DA9E}.Ad-Hoc|x64.ActiveCfg = Ad-Hoc|iPhone
		{8B2F80E7-24F4-4511-9773-CE3A8252DA9E}.Ad-Hoc|x86.ActiveCfg = Ad-Hoc|iPhone
		{8B2F80E7-24F4-4511-9773-CE3A8252DA9E}.AppStore|Any CPU.ActiveCfg = AppStore|iPhone
		{8B2F80E7-24F4-4511-9773-CE3A8252DA9E}.AppStore|ARM.ActiveCfg = AppStore|iPhone
		{8B2F80E7-24F4-4511-9773-CE3A8252DA9E}.AppStore|iPhone.ActiveCfg = AppStore|iPhone
		{8B2F80E7-24F4-4511-9773-CE3A8252DA9E}.AppStore|iPhone.Build.0 = AppStore|iPhone
		{8B2F80E7-24F4-4511-9773-CE3A8252DA9E}.AppStore|iPhoneSimulator.ActiveCfg = AppStore|iPhoneSimulator
		{8B2F80E7-24F4-4511-9773-CE3A8252DA9E}.AppStore|iPhoneSimulator.Build.0 = AppStore|iPhoneSimulator
		{8B2F80E7-24F4-4511-9773-CE3A8252DA9E}.AppStore|x64.ActiveCfg = AppStore|iPhone
		{8B2F80E7-24F4-4511-9773-CE3A8252DA9E}.AppStore|x86.ActiveCfg = AppStore|iPhone
		{8B2F80E7-24F4-4511-9773-CE3A8252DA9E}.Debug (BRS)|Any CPU.ActiveCfg = AppStore|iPhone
		{8B2F80E7-24F4-4511-9773-CE3A8252DA9E}.Debug (BRS)|Any CPU.Build.0 = AppStore|iPhone
		{8B2F80E7-24F4-4511-9773-CE3A8252DA9E}.Debug (BRS)|ARM.ActiveCfg = AppStore|iPhone
		{8B2F80E7-24F4-4511-9773-CE3A8252DA9E}.Debug (BRS)|ARM.Build.0 = AppStore|iPhone
		{8B2F80E7-24F4-4511-9773-CE3A8252DA9E}.Debug (BRS)|iPhone.ActiveCfg = Debug|iPhone
		{8B2F80E7-24F4-4511-9773-CE3A8252DA9E}.Debug (BRS)|iPhone.Build.0 = Debug|iPhone
		{8B2F80E7-24F4-4511-9773-CE3A8252DA9E}.Debug (BRS)|iPhoneSimulator.ActiveCfg = Debug|iPhoneSimulator
		{8B2F80E7-24F4-4511-9773-CE3A8252DA9E}.Debug (BRS)|iPhoneSimulator.Build.0 = Debug|iPhoneSimulator
		{8B2F80E7-24F4-4511-9773-CE3A8252DA9E}.Debug (BRS)|x64.ActiveCfg = AppStore|iPhone
		{8B2F80E7-24F4-4511-9773-CE3A8252DA9E}.Debug (BRS)|x64.Build.0 = AppStore|iPhone
		{8B2F80E7-24F4-4511-9773-CE3A8252DA9E}.Debug (BRS)|x86.ActiveCfg = AppStore|iPhone
		{8B2F80E7-24F4-4511-9773-CE3A8252DA9E}.Debug (BRS)|x86.Build.0 = AppStore|iPhone
		{8B2F80E7-24F4-4511-9773-CE3A8252DA9E}.Debug|Any CPU.ActiveCfg = Debug|iPhone
		{8B2F80E7-24F4-4511-9773-CE3A8252DA9E}.Debug|ARM.ActiveCfg = Debug|iPhone
		{8B2F80E7-24F4-4511-9773-CE3A8252DA9E}.Debug|iPhone.ActiveCfg = Debug|iPhone
		{8B2F80E7-24F4-4511-9773-CE3A8252DA9E}.Debug|iPhone.Build.0 = Debug|iPhone
		{8B2F80E7-24F4-4511-9773-CE3A8252DA9E}.Debug|iPhoneSimulator.ActiveCfg = Debug|iPhoneSimulator
		{8B2F80E7-24F4-4511-9773-CE3A8252DA9E}.Debug|iPhoneSimulator.Build.0 = Debug|iPhoneSimulator
		{8B2F80E7-24F4-4511-9773-CE3A8252DA9E}.Debug|x64.ActiveCfg = Debug|iPhone
		{8B2F80E7-24F4-4511-9773-CE3A8252DA9E}.Debug|x86.ActiveCfg = Debug|iPhone
		{8B2F80E7-24F4-4511-9773-CE3A8252DA9E}.Debug-BRS|Any CPU.ActiveCfg = AppStore|iPhone
		{8B2F80E7-24F4-4511-9773-CE3A8252DA9E}.Debug-BRS|Any CPU.Build.0 = AppStore|iPhone
		{8B2F80E7-24F4-4511-9773-CE3A8252DA9E}.Debug-BRS|ARM.ActiveCfg = AppStore|iPhone
		{8B2F80E7-24F4-4511-9773-CE3A8252DA9E}.Debug-BRS|ARM.Build.0 = AppStore|iPhone
		{8B2F80E7-24F4-4511-9773-CE3A8252DA9E}.Debug-BRS|iPhone.ActiveCfg = Debug|iPhone
		{8B2F80E7-24F4-4511-9773-CE3A8252DA9E}.Debug-BRS|iPhone.Build.0 = Debug|iPhone
		{8B2F80E7-24F4-4511-9773-CE3A8252DA9E}.Debug-BRS|iPhoneSimulator.ActiveCfg = Debug|iPhoneSimulator
		{8B2F80E7-24F4-4511-9773-CE3A8252DA9E}.Debug-BRS|iPhoneSimulator.Build.0 = Debug|iPhoneSimulator
		{8B2F80E7-24F4-4511-9773-CE3A8252DA9E}.Debug-BRS|x64.ActiveCfg = AppStore|iPhone
		{8B2F80E7-24F4-4511-9773-CE3A8252DA9E}.Debug-BRS|x64.Build.0 = AppStore|iPhone
		{8B2F80E7-24F4-4511-9773-CE3A8252DA9E}.Debug-BRS|x86.ActiveCfg = AppStore|iPhone
		{8B2F80E7-24F4-4511-9773-CE3A8252DA9E}.Debug-BRS|x86.Build.0 = AppStore|iPhone
		{8B2F80E7-24F4-4511-9773-CE3A8252DA9E}.Debug-FRS|Any CPU.ActiveCfg = AppStore|iPhone
		{8B2F80E7-24F4-4511-9773-CE3A8252DA9E}.Debug-FRS|Any CPU.Build.0 = AppStore|iPhone
		{8B2F80E7-24F4-4511-9773-CE3A8252DA9E}.Debug-FRS|ARM.ActiveCfg = AppStore|iPhone
		{8B2F80E7-24F4-4511-9773-CE3A8252DA9E}.Debug-FRS|ARM.Build.0 = AppStore|iPhone
		{8B2F80E7-24F4-4511-9773-CE3A8252DA9E}.Debug-FRS|iPhone.ActiveCfg = Debug|iPhone
		{8B2F80E7-24F4-4511-9773-CE3A8252DA9E}.Debug-FRS|iPhone.Build.0 = Debug|iPhone
		{8B2F80E7-24F4-4511-9773-CE3A8252DA9E}.Debug-FRS|iPhoneSimulator.ActiveCfg = Debug|iPhoneSimulator
		{8B2F80E7-24F4-4511-9773-CE3A8252DA9E}.Debug-FRS|iPhoneSimulator.Build.0 = Debug|iPhoneSimulator
		{8B2F80E7-24F4-4511-9773-CE3A8252DA9E}.Debug-FRS|x64.ActiveCfg = AppStore|iPhone
		{8B2F80E7-24F4-4511-9773-CE3A8252DA9E}.Debug-FRS|x64.Build.0 = AppStore|iPhone
		{8B2F80E7-24F4-4511-9773-CE3A8252DA9E}.Debug-FRS|x86.ActiveCfg = AppStore|iPhone
		{8B2F80E7-24F4-4511-9773-CE3A8252DA9E}.Debug-FRS|x86.Build.0 = AppStore|iPhone
		{8B2F80E7-24F4-4511-9773-CE3A8252DA9E}.Debug-SRS|Any CPU.ActiveCfg = AppStore|iPhone
		{8B2F80E7-24F4-4511-9773-CE3A8252DA9E}.Debug-SRS|Any CPU.Build.0 = AppStore|iPhone
		{8B2F80E7-24F4-4511-9773-CE3A8252DA9E}.Debug-SRS|ARM.ActiveCfg = AppStore|iPhone
		{8B2F80E7-24F4-4511-9773-CE3A8252DA9E}.Debug-SRS|ARM.Build.0 = AppStore|iPhone
		{8B2F80E7-24F4-4511-9773-CE3A8252DA9E}.Debug-SRS|iPhone.ActiveCfg = Debug|iPhone
		{8B2F80E7-24F4-4511-9773-CE3A8252DA9E}.Debug-SRS|iPhone.Build.0 = Debug|iPhone
		{8B2F80E7-24F4-4511-9773-CE3A8252DA9E}.Debug-SRS|iPhoneSimulator.ActiveCfg = Debug|iPhoneSimulator
		{8B2F80E7-24F4-4511-9773-CE3A8252DA9E}.Debug-SRS|iPhoneSimulator.Build.0 = Debug|iPhoneSimulator
		{8B2F80E7-24F4-4511-9773-CE3A8252DA9E}.Debug-SRS|x64.ActiveCfg = AppStore|iPhone
		{8B2F80E7-24F4-4511-9773-CE3A8252DA9E}.Debug-SRS|x64.Build.0 = AppStore|iPhone
		{8B2F80E7-24F4-4511-9773-CE3A8252DA9E}.Debug-SRS|x86.ActiveCfg = AppStore|iPhone
		{8B2F80E7-24F4-4511-9773-CE3A8252DA9E}.Debug-SRS|x86.Build.0 = AppStore|iPhone
		{8B2F80E7-24F4-4511-9773-CE3A8252DA9E}.Debug-TRS|Any CPU.ActiveCfg = AppStore|iPhone
		{8B2F80E7-24F4-4511-9773-CE3A8252DA9E}.Debug-TRS|Any CPU.Build.0 = AppStore|iPhone
		{8B2F80E7-24F4-4511-9773-CE3A8252DA9E}.Debug-TRS|ARM.ActiveCfg = AppStore|iPhone
		{8B2F80E7-24F4-4511-9773-CE3A8252DA9E}.Debug-TRS|ARM.Build.0 = AppStore|iPhone
		{8B2F80E7-24F4-4511-9773-CE3A8252DA9E}.Debug-TRS|iPhone.ActiveCfg = Debug|iPhone
		{8B2F80E7-24F4-4511-9773-CE3A8252DA9E}.Debug-TRS|iPhone.Build.0 = Debug|iPhone
		{8B2F80E7-24F4-4511-9773-CE3A8252DA9E}.Debug-TRS|iPhoneSimulator.ActiveCfg = Debug|iPhoneSimulator
		{8B2F80E7-24F4-4511-9773-CE3A8252DA9E}.Debug-TRS|iPhoneSimulator.Build.0 = Debug|iPhoneSimulator
		{8B2F80E7-24F4-4511-9773-CE3A8252DA9E}.Debug-TRS|x64.ActiveCfg = AppStore|iPhone
		{8B2F80E7-24F4-4511-9773-CE3A8252DA9E}.Debug-TRS|x64.Build.0 = AppStore|iPhone
		{8B2F80E7-24F4-4511-9773-CE3A8252DA9E}.Debug-TRS|x86.ActiveCfg = AppStore|iPhone
		{8B2F80E7-24F4-4511-9773-CE3A8252DA9E}.Debug-TRS|x86.Build.0 = AppStore|iPhone
		{8B2F80E7-24F4-4511-9773-CE3A8252DA9E}.Debug-VRS|Any CPU.ActiveCfg = AppStore|iPhone
		{8B2F80E7-24F4-4511-9773-CE3A8252DA9E}.Debug-VRS|Any CPU.Build.0 = AppStore|iPhone
		{8B2F80E7-24F4-4511-9773-CE3A8252DA9E}.Debug-VRS|ARM.ActiveCfg = AppStore|iPhone
		{8B2F80E7-24F4-4511-9773-CE3A8252DA9E}.Debug-VRS|ARM.Build.0 = AppStore|iPhone
		{8B2F80E7-24F4-4511-9773-CE3A8252DA9E}.Debug-VRS|iPhone.ActiveCfg = Debug|iPhone
		{8B2F80E7-24F4-4511-9773-CE3A8252DA9E}.Debug-VRS|iPhone.Build.0 = Debug|iPhone
		{8B2F80E7-24F4-4511-9773-CE3A8252DA9E}.Debug-VRS|iPhoneSimulator.ActiveCfg = Debug|iPhoneSimulator
		{8B2F80E7-24F4-4511-9773-CE3A8252DA9E}.Debug-VRS|iPhoneSimulator.Build.0 = Debug|iPhoneSimulator
		{8B2F80E7-24F4-4511-9773-CE3A8252DA9E}.Debug-VRS|x64.ActiveCfg = AppStore|iPhone
		{8B2F80E7-24F4-4511-9773-CE3A8252DA9E}.Debug-VRS|x64.Build.0 = AppStore|iPhone
		{8B2F80E7-24F4-4511-9773-CE3A8252DA9E}.Debug-VRS|x86.ActiveCfg = AppStore|iPhone
		{8B2F80E7-24F4-4511-9773-CE3A8252DA9E}.Debug-VRS|x86.Build.0 = AppStore|iPhone
		{8B2F80E7-24F4-4511-9773-CE3A8252DA9E}.Debug-WRS|Any CPU.ActiveCfg = AppStore|iPhone
		{8B2F80E7-24F4-4511-9773-CE3A8252DA9E}.Debug-WRS|Any CPU.Build.0 = AppStore|iPhone
		{8B2F80E7-24F4-4511-9773-CE3A8252DA9E}.Debug-WRS|ARM.ActiveCfg = AppStore|iPhone
		{8B2F80E7-24F4-4511-9773-CE3A8252DA9E}.Debug-WRS|ARM.Build.0 = AppStore|iPhone
		{8B2F80E7-24F4-4511-9773-CE3A8252DA9E}.Debug-WRS|iPhone.ActiveCfg = Debug|iPhone
		{8B2F80E7-24F4-4511-9773-CE3A8252DA9E}.Debug-WRS|iPhone.Build.0 = Debug|iPhone
		{8B2F80E7-24F4-4511-9773-CE3A8252DA9E}.Debug-WRS|iPhoneSimulator.ActiveCfg = Debug|iPhoneSimulator
		{8B2F80E7-24F4-4511-9773-CE3A8252DA9E}.Debug-WRS|iPhoneSimulator.Build.0 = Debug|iPhoneSimulator
		{8B2F80E7-24F4-4511-9773-CE3A8252DA9E}.Debug-WRS|x64.ActiveCfg = AppStore|iPhone
		{8B2F80E7-24F4-4511-9773-CE3A8252DA9E}.Debug-WRS|x64.Build.0 = AppStore|iPhone
		{8B2F80E7-24F4-4511-9773-CE3A8252DA9E}.Debug-WRS|x86.ActiveCfg = AppStore|iPhone
		{8B2F80E7-24F4-4511-9773-CE3A8252DA9E}.Debug-WRS|x86.Build.0 = AppStore|iPhone
		{8B2F80E7-24F4-4511-9773-CE3A8252DA9E}.Release FRS|Any CPU.ActiveCfg = AppStore|iPhone
		{8B2F80E7-24F4-4511-9773-CE3A8252DA9E}.Release FRS|Any CPU.Build.0 = AppStore|iPhone
		{8B2F80E7-24F4-4511-9773-CE3A8252DA9E}.Release FRS|ARM.ActiveCfg = AppStore|iPhone
		{8B2F80E7-24F4-4511-9773-CE3A8252DA9E}.Release FRS|ARM.Build.0 = AppStore|iPhone
		{8B2F80E7-24F4-4511-9773-CE3A8252DA9E}.Release FRS|iPhone.ActiveCfg = Release|iPhone
		{8B2F80E7-24F4-4511-9773-CE3A8252DA9E}.Release FRS|iPhone.Build.0 = Release|iPhone
		{8B2F80E7-24F4-4511-9773-CE3A8252DA9E}.Release FRS|iPhoneSimulator.ActiveCfg = Release|iPhoneSimulator
		{8B2F80E7-24F4-4511-9773-CE3A8252DA9E}.Release FRS|iPhoneSimulator.Build.0 = Release|iPhoneSimulator
		{8B2F80E7-24F4-4511-9773-CE3A8252DA9E}.Release FRS|x64.ActiveCfg = AppStore|iPhone
		{8B2F80E7-24F4-4511-9773-CE3A8252DA9E}.Release FRS|x64.Build.0 = AppStore|iPhone
		{8B2F80E7-24F4-4511-9773-CE3A8252DA9E}.Release FRS|x86.ActiveCfg = AppStore|iPhone
		{8B2F80E7-24F4-4511-9773-CE3A8252DA9E}.Release FRS|x86.Build.0 = AppStore|iPhone
		{8B2F80E7-24F4-4511-9773-CE3A8252DA9E}.Release_BRS|Any CPU.ActiveCfg = AppStore|iPhone
		{8B2F80E7-24F4-4511-9773-CE3A8252DA9E}.Release_BRS|Any CPU.Build.0 = AppStore|iPhone
		{8B2F80E7-24F4-4511-9773-CE3A8252DA9E}.Release_BRS|ARM.ActiveCfg = AppStore|iPhone
		{8B2F80E7-24F4-4511-9773-CE3A8252DA9E}.Release_BRS|ARM.Build.0 = AppStore|iPhone
		{8B2F80E7-24F4-4511-9773-CE3A8252DA9E}.Release_BRS|iPhone.ActiveCfg = Release|iPhone
		{8B2F80E7-24F4-4511-9773-CE3A8252DA9E}.Release_BRS|iPhone.Build.0 = Release|iPhone
		{8B2F80E7-24F4-4511-9773-CE3A8252DA9E}.Release_BRS|iPhoneSimulator.ActiveCfg = Release|iPhoneSimulator
		{8B2F80E7-24F4-4511-9773-CE3A8252DA9E}.Release_BRS|iPhoneSimulator.Build.0 = Release|iPhoneSimulator
		{8B2F80E7-24F4-4511-9773-CE3A8252DA9E}.Release_BRS|x64.ActiveCfg = AppStore|iPhone
		{8B2F80E7-24F4-4511-9773-CE3A8252DA9E}.Release_BRS|x64.Build.0 = AppStore|iPhone
		{8B2F80E7-24F4-4511-9773-CE3A8252DA9E}.Release_BRS|x86.ActiveCfg = AppStore|iPhone
		{8B2F80E7-24F4-4511-9773-CE3A8252DA9E}.Release_BRS|x86.Build.0 = AppStore|iPhone
		{8B2F80E7-24F4-4511-9773-CE3A8252DA9E}.Release_FRS|Any CPU.ActiveCfg = AppStore|iPhone
		{8B2F80E7-24F4-4511-9773-CE3A8252DA9E}.Release_FRS|Any CPU.Build.0 = AppStore|iPhone
		{8B2F80E7-24F4-4511-9773-CE3A8252DA9E}.Release_FRS|ARM.ActiveCfg = AppStore|iPhone
		{8B2F80E7-24F4-4511-9773-CE3A8252DA9E}.Release_FRS|ARM.Build.0 = AppStore|iPhone
		{8B2F80E7-24F4-4511-9773-CE3A8252DA9E}.Release_FRS|iPhone.ActiveCfg = Release|iPhone
		{8B2F80E7-24F4-4511-9773-CE3A8252DA9E}.Release_FRS|iPhone.Build.0 = Release|iPhone
		{8B2F80E7-24F4-4511-9773-CE3A8252DA9E}.Release_FRS|iPhoneSimulator.ActiveCfg = Release|iPhoneSimulator
		{8B2F80E7-24F4-4511-9773-CE3A8252DA9E}.Release_FRS|iPhoneSimulator.Build.0 = Release|iPhoneSimulator
		{8B2F80E7-24F4-4511-9773-CE3A8252DA9E}.Release_FRS|x64.ActiveCfg = AppStore|iPhone
		{8B2F80E7-24F4-4511-9773-CE3A8252DA9E}.Release_FRS|x64.Build.0 = AppStore|iPhone
		{8B2F80E7-24F4-4511-9773-CE3A8252DA9E}.Release_FRS|x86.ActiveCfg = AppStore|iPhone
		{8B2F80E7-24F4-4511-9773-CE3A8252DA9E}.Release_FRS|x86.Build.0 = AppStore|iPhone
		{8B2F80E7-24F4-4511-9773-CE3A8252DA9E}.Release_SRS|Any CPU.ActiveCfg = AppStore|iPhone
		{8B2F80E7-24F4-4511-9773-CE3A8252DA9E}.Release_SRS|Any CPU.Build.0 = AppStore|iPhone
		{8B2F80E7-24F4-4511-9773-CE3A8252DA9E}.Release_SRS|ARM.ActiveCfg = AppStore|iPhone
		{8B2F80E7-24F4-4511-9773-CE3A8252DA9E}.Release_SRS|ARM.Build.0 = AppStore|iPhone
		{8B2F80E7-24F4-4511-9773-CE3A8252DA9E}.Release_SRS|iPhone.ActiveCfg = Release|iPhone
		{8B2F80E7-24F4-4511-9773-CE3A8252DA9E}.Release_SRS|iPhone.Build.0 = Release|iPhone
		{8B2F80E7-24F4-4511-9773-CE3A8252DA9E}.Release_SRS|iPhoneSimulator.ActiveCfg = Release|iPhoneSimulator
		{8B2F80E7-24F4-4511-9773-CE3A8252DA9E}.Release_SRS|iPhoneSimulator.Build.0 = Release|iPhoneSimulator
		{8B2F80E7-24F4-4511-9773-CE3A8252DA9E}.Release_SRS|x64.ActiveCfg = AppStore|iPhone
		{8B2F80E7-24F4-4511-9773-CE3A8252DA9E}.Release_SRS|x64.Build.0 = AppStore|iPhone
		{8B2F80E7-24F4-4511-9773-CE3A8252DA9E}.Release_SRS|x86.ActiveCfg = AppStore|iPhone
		{8B2F80E7-24F4-4511-9773-CE3A8252DA9E}.Release_SRS|x86.Build.0 = AppStore|iPhone
		{8B2F80E7-24F4-4511-9773-CE3A8252DA9E}.Release_TRS|Any CPU.ActiveCfg = AppStore|iPhone
		{8B2F80E7-24F4-4511-9773-CE3A8252DA9E}.Release_TRS|Any CPU.Build.0 = AppStore|iPhone
		{8B2F80E7-24F4-4511-9773-CE3A8252DA9E}.Release_TRS|ARM.ActiveCfg = AppStore|iPhone
		{8B2F80E7-24F4-4511-9773-CE3A8252DA9E}.Release_TRS|ARM.Build.0 = AppStore|iPhone
		{8B2F80E7-24F4-4511-9773-CE3A8252DA9E}.Release_TRS|iPhone.ActiveCfg = Release|iPhone
		{8B2F80E7-24F4-4511-9773-CE3A8252DA9E}.Release_TRS|iPhone.Build.0 = Release|iPhone
		{8B2F80E7-24F4-4511-9773-CE3A8252DA9E}.Release_TRS|iPhoneSimulator.ActiveCfg = Release|iPhoneSimulator
		{8B2F80E7-24F4-4511-9773-CE3A8252DA9E}.Release_TRS|iPhoneSimulator.Build.0 = Release|iPhoneSimulator
		{8B2F80E7-24F4-4511-9773-CE3A8252DA9E}.Release_TRS|x64.ActiveCfg = AppStore|iPhone
		{8B2F80E7-24F4-4511-9773-CE3A8252DA9E}.Release_TRS|x64.Build.0 = AppStore|iPhone
		{8B2F80E7-24F4-4511-9773-CE3A8252DA9E}.Release_TRS|x86.ActiveCfg = AppStore|iPhone
		{8B2F80E7-24F4-4511-9773-CE3A8252DA9E}.Release_TRS|x86.Build.0 = AppStore|iPhone
		{8B2F80E7-24F4-4511-9773-CE3A8252DA9E}.Release_VRS|Any CPU.ActiveCfg = AppStore|iPhone
		{8B2F80E7-24F4-4511-9773-CE3A8252DA9E}.Release_VRS|Any CPU.Build.0 = AppStore|iPhone
		{8B2F80E7-24F4-4511-9773-CE3A8252DA9E}.Release_VRS|ARM.ActiveCfg = AppStore|iPhone
		{8B2F80E7-24F4-4511-9773-CE3A8252DA9E}.Release_VRS|ARM.Build.0 = AppStore|iPhone
		{8B2F80E7-24F4-4511-9773-CE3A8252DA9E}.Release_VRS|iPhone.ActiveCfg = Release|iPhone
		{8B2F80E7-24F4-4511-9773-CE3A8252DA9E}.Release_VRS|iPhone.Build.0 = Release|iPhone
		{8B2F80E7-24F4-4511-9773-CE3A8252DA9E}.Release_VRS|iPhoneSimulator.ActiveCfg = Release|iPhoneSimulator
		{8B2F80E7-24F4-4511-9773-CE3A8252DA9E}.Release_VRS|iPhoneSimulator.Build.0 = Release|iPhoneSimulator
		{8B2F80E7-24F4-4511-9773-CE3A8252DA9E}.Release_VRS|x64.ActiveCfg = AppStore|iPhone
		{8B2F80E7-24F4-4511-9773-CE3A8252DA9E}.Release_VRS|x64.Build.0 = AppStore|iPhone
		{8B2F80E7-24F4-4511-9773-CE3A8252DA9E}.Release_VRS|x86.ActiveCfg = AppStore|iPhone
		{8B2F80E7-24F4-4511-9773-CE3A8252DA9E}.Release_VRS|x86.Build.0 = AppStore|iPhone
		{8B2F80E7-24F4-4511-9773-CE3A8252DA9E}.Release_WRS|Any CPU.ActiveCfg = AppStore|iPhone
		{8B2F80E7-24F4-4511-9773-CE3A8252DA9E}.Release_WRS|Any CPU.Build.0 = AppStore|iPhone
		{8B2F80E7-24F4-4511-9773-CE3A8252DA9E}.Release_WRS|ARM.ActiveCfg = AppStore|iPhone
		{8B2F80E7-24F4-4511-9773-CE3A8252DA9E}.Release_WRS|ARM.Build.0 = AppStore|iPhone
		{8B2F80E7-24F4-4511-9773-CE3A8252DA9E}.Release_WRS|iPhone.ActiveCfg = Release|iPhone
		{8B2F80E7-24F4-4511-9773-CE3A8252DA9E}.Release_WRS|iPhone.Build.0 = Release|iPhone
		{8B2F80E7-24F4-4511-9773-CE3A8252DA9E}.Release_WRS|iPhoneSimulator.ActiveCfg = Release|iPhoneSimulator
		{8B2F80E7-24F4-4511-9773-CE3A8252DA9E}.Release_WRS|iPhoneSimulator.Build.0 = Release|iPhoneSimulator
		{8B2F80E7-24F4-4511-9773-CE3A8252DA9E}.Release_WRS|x64.ActiveCfg = AppStore|iPhone
		{8B2F80E7-24F4-4511-9773-CE3A8252DA9E}.Release_WRS|x64.Build.0 = AppStore|iPhone
		{8B2F80E7-24F4-4511-9773-CE3A8252DA9E}.Release_WRS|x86.ActiveCfg = AppStore|iPhone
		{8B2F80E7-24F4-4511-9773-CE3A8252DA9E}.Release_WRS|x86.Build.0 = AppStore|iPhone
		{8B2F80E7-24F4-4511-9773-CE3A8252DA9E}.Release|Any CPU.ActiveCfg = Release|iPhone
		{8B2F80E7-24F4-4511-9773-CE3A8252DA9E}.Release|ARM.ActiveCfg = Release|iPhone
		{8B2F80E7-24F4-4511-9773-CE3A8252DA9E}.Release|iPhone.ActiveCfg = Release|iPhone
		{8B2F80E7-24F4-4511-9773-CE3A8252DA9E}.Release|iPhone.Build.0 = Release|iPhone
		{8B2F80E7-24F4-4511-9773-CE3A8252DA9E}.Release|iPhoneSimulator.ActiveCfg = Release|iPhoneSimulator
		{8B2F80E7-24F4-4511-9773-CE3A8252DA9E}.Release|iPhoneSimulator.Build.0 = Release|iPhoneSimulator
		{8B2F80E7-24F4-4511-9773-CE3A8252DA9E}.Release|x64.ActiveCfg = Release|iPhone
		{8B2F80E7-24F4-4511-9773-CE3A8252DA9E}.Release|x86.ActiveCfg = Release|iPhone
		{8B2F80E7-24F4-4511-9773-CE3A8252DA9E}.Release-BRS|Any CPU.ActiveCfg = AppStore|iPhone
		{8B2F80E7-24F4-4511-9773-CE3A8252DA9E}.Release-BRS|Any CPU.Build.0 = AppStore|iPhone
		{8B2F80E7-24F4-4511-9773-CE3A8252DA9E}.Release-BRS|ARM.ActiveCfg = AppStore|iPhone
		{8B2F80E7-24F4-4511-9773-CE3A8252DA9E}.Release-BRS|ARM.Build.0 = AppStore|iPhone
		{8B2F80E7-24F4-4511-9773-CE3A8252DA9E}.Release-BRS|iPhone.ActiveCfg = Release|iPhone
		{8B2F80E7-24F4-4511-9773-CE3A8252DA9E}.Release-BRS|iPhone.Build.0 = Release|iPhone
		{8B2F80E7-24F4-4511-9773-CE3A8252DA9E}.Release-BRS|iPhoneSimulator.ActiveCfg = Release|iPhoneSimulator
		{8B2F80E7-24F4-4511-9773-CE3A8252DA9E}.Release-BRS|iPhoneSimulator.Build.0 = Release|iPhoneSimulator
		{8B2F80E7-24F4-4511-9773-CE3A8252DA9E}.Release-BRS|x64.ActiveCfg = AppStore|iPhone
		{8B2F80E7-24F4-4511-9773-CE3A8252DA9E}.Release-BRS|x64.Build.0 = AppStore|iPhone
		{8B2F80E7-24F4-4511-9773-CE3A8252DA9E}.Release-BRS|x86.ActiveCfg = AppStore|iPhone
		{8B2F80E7-24F4-4511-9773-CE3A8252DA9E}.Release-BRS|x86.Build.0 = AppStore|iPhone
	EndGlobalSection
	GlobalSection(SolutionProperties) = preSolution
		HideSolutionNode = FALSE
	EndGlobalSection
	GlobalSection(TeamFoundationVersionControl) = preSolution
		SccNumberOfProjects = 3
		SccEnterpriseProvider = {4CA58AB2-18FA-4F8D-95D4-32DDF27D184C}
		SccTeamFoundationServer = http://10.88.2.3:8080/tfs/natuurnetwerk
		SccLocalPath0 = .
		SccProjectUniqueName1 = PluginsTester\\PluginsTester.Core\\PluginsTester.Core.csproj
		SccProjectName1 = PluginsTester/PluginsTester.Core
		SccLocalPath1 = PluginsTester\\PluginsTester.Core
		SccProjectUniqueName2 = PluginsTester\\PluginsTester.iOS\\PluginsTester.iOS.csproj
		SccProjectName2 = PluginsTester/PluginsTester.iOS
		SccLocalPath2 = PluginsTester\\PluginsTester.iOS
	EndGlobalSection
EndGlobal
